
Microsoft Visual Studio Solution File, Format Version 12.00
# Visual Studio Version 17
VisualStudioVersion = 17.6.33829.357
MinimumVisualStudioVersion = 10.0.40219.1
Project("{FAE04EC0-301F-11D3-BF4B-00C04F79EFBC}") = "SumTwoNumbers", "SumTwoNumbers\SumTwoNumbers.csproj", "{66AE58E4-4451-4D72-BE2F-495950FBF280}"
EndProject
Global
	GlobalSection(SolutionConfigurationPlatforms) = preSolution
		Debug|Any CPU = Debug|Any CPU
		Release|Any CPU = Release|Any CPU
	EndGlobalSection
	GlobalSection(ProjectConfigurationPlatforms) = postSolution
		{66AE58E4-4451-4D72-BE2F-495950FBF280}.Debug|Any CPU.ActiveCfg = Debug|Any CPU
		{66AE58E4-4451-4D72-BE2F-495950FBF280}.Debug|Any CPU.Build.0 = Debug|Any CPU
		{66AE58E4-4451-4D72-BE2F-495950FBF280}.Release|Any CPU.ActiveCfg = Release|Any CPU
		{66AE58E4-4451-4D72-BE2F-495950FBF280}.Release|Any CPU.Build.0 = Release|Any CPU
	EndGlobalSection
	GlobalSection(SolutionProperties) = preSolution
		HideSolutionNode = FALSE
	EndGlobalSection
	GlobalSection(ExtensibilityGlobals) = postSolution
		SolutionGuid = {20F02975-3B8D-4163-A38B-2BCDE1710831}
	EndGlobalSection
EndGlobal
