
Microsoft Visual Studio Solution File, Format Version 12.00
# Visual Studio Version 17
VisualStudioVersion = 17.6.33829.357
MinimumVisualStudioVersion = 10.0.40219.1
Project("{FAE04EC0-301F-11D3-BF4B-00C04F79EFBC}") = "OddOrEvenNumber", "OddOrEvenNumber\OddOrEvenNumber.csproj", "{4BF1E1E2-A8BC-4227-BF1C-45DB7A1A0E68}"
EndProject
Global
	GlobalSection(SolutionConfigurationPlatforms) = preSolution
		Debug|Any CPU = Debug|Any CPU
		Release|Any CPU = Release|Any CPU
	EndGlobalSection
	GlobalSection(ProjectConfigurationPlatforms) = postSolution
		{4BF1E1E2-A8BC-4227-BF1C-45DB7A1A0E68}.Debug|Any CPU.ActiveCfg = Debug|Any CPU
		{4BF1E1E2-A8BC-4227-BF1C-45DB7A1A0E68}.Debug|Any CPU.Build.0 = Debug|Any CPU
		{4BF1E1E2-A8BC-4227-BF1C-45DB7A1A0E68}.Release|Any CPU.ActiveCfg = Release|Any CPU
		{4BF1E1E2-A8BC-4227-BF1C-45DB7A1A0E68}.Release|Any CPU.Build.0 = Release|Any CPU
	EndGlobalSection
	GlobalSection(SolutionProperties) = preSolution
		HideSolutionNode = FALSE
	EndGlobalSection
	GlobalSection(ExtensibilityGlobals) = postSolution
		SolutionGuid = {12155D2D-A520-4102-A4EB-6DF5F4C7588D}
	EndGlobalSection
EndGlobal
