
Microsoft Visual Studio Solution File, Format Version 12.00
# Visual Studio Version 17
VisualStudioVersion = 17.7.34018.315
MinimumVisualStudioVersion = 10.0.40219.1
Project("{FAE04EC0-301F-11D3-BF4B-00C04F79EFBC}") = "ŞifreKayıtProgramıTextDosyası", "ŞifreKayıtProgramıTextDosyası\ŞifreKayıtProgramıTextDosyası.csproj", "{6199106D-2EF5-48C7-A1BC-C4E49E3287A7}"
EndProject
Project("{54435603-DBB4-11D2-8724-00A0C9A8B90C}") = "ŞifreTextDosyasınaKayıtUygulaması", "ŞifreTextDosyasınaKayıtUygulaması\ŞifreTextDosyasınaKayıtUygulaması.vdproj", "{573048CD-239B-4DB8-81FC-0C8B22B0DE94}"
EndProject
Global
	GlobalSection(SolutionConfigurationPlatforms) = preSolution
		Debug|Any CPU = Debug|Any CPU
		Release|Any CPU = Release|Any CPU
	EndGlobalSection
	GlobalSection(ProjectConfigurationPlatforms) = postSolution
		{6199106D-2EF5-48C7-A1BC-C4E49E3287A7}.Debug|Any CPU.ActiveCfg = Debug|Any CPU
		{6199106D-2EF5-48C7-A1BC-C4E49E3287A7}.Debug|Any CPU.Build.0 = Debug|Any CPU
		{6199106D-2EF5-48C7-A1BC-C4E49E3287A7}.Release|Any CPU.ActiveCfg = Release|Any CPU
		{6199106D-2EF5-48C7-A1BC-C4E49E3287A7}.Release|Any CPU.Build.0 = Release|Any CPU
		{573048CD-239B-4DB8-81FC-0C8B22B0DE94}.Debug|Any CPU.ActiveCfg = Debug
		{573048CD-239B-4DB8-81FC-0C8B22B0DE94}.Release|Any CPU.ActiveCfg = Release
	EndGlobalSection
	GlobalSection(SolutionProperties) = preSolution
		HideSolutionNode = FALSE
	EndGlobalSection
	GlobalSection(ExtensibilityGlobals) = postSolution
		SolutionGuid = {7B5A7FF8-FF11-4A08-B6A7-A16964BDC274}
	EndGlobalSection
EndGlobal
